
Microsoft Visual Studio Solution File, Format Version 12.00
# Visual Studio 14
VisualStudioVersion = 14.0.25123.0
MinimumVisualStudioVersion = 10.0.40219.1
Project("{FAE04EC0-301F-11D3-BF4B-00C04F79EFBC}") = "Nuits.HyperV.Switch", "Nuits.HyperV.Switch\Nuits.HyperV.Switch.csproj", "{ACA09438-1717-46B8-8B19-11CF6EC726A0}"
EndProject
Project("{54435603-DBB4-11D2-8724-00A0C9A8B90C}") = "Nuits.HyperV.Switch.Installer", "Nuits.HyperV.Switch.Installer\Nuits.HyperV.Switch.Installer.vdproj", "{CCDF3D63-DB91-4550-8B58-B197FE6F087B}"
EndProject
Global
	GlobalSection(SolutionConfigurationPlatforms) = preSolution
		Debug|Any CPU = Debug|Any CPU
		Release|Any CPU = Release|Any CPU
	EndGlobalSection
	GlobalSection(ProjectConfigurationPlatforms) = postSolution
		{ACA09438-1717-46B8-8B19-11CF6EC726A0}.Debug|Any CPU.ActiveCfg = Debug|Any CPU
		{ACA09438-1717-46B8-8B19-11CF6EC726A0}.Debug|Any CPU.Build.0 = Debug|Any CPU
		{ACA09438-1717-46B8-8B19-11CF6EC726A0}.Release|Any CPU.ActiveCfg = Release|Any CPU
		{ACA09438-1717-46B8-8B19-11CF6EC726A0}.Release|Any CPU.Build.0 = Release|Any CPU
		{CCDF3D63-DB91-4550-8B58-B197FE6F087B}.Debug|Any CPU.ActiveCfg = Debug
		{CCDF3D63-DB91-4550-8B58-B197FE6F087B}.Debug|Any CPU.Build.0 = Debug
		{CCDF3D63-DB91-4550-8B58-B197FE6F087B}.Release|Any CPU.ActiveCfg = Release
	EndGlobalSection
	GlobalSection(SolutionProperties) = preSolution
		HideSolutionNode = FALSE
	EndGlobalSection
EndGlobal
